<?xml version="1.0" encoding="utf-8"?>
<Project ToolsVersion="4.0" xmlns="http://schemas.microsoft.com/developer/msbuild/2003">
  <ItemGroup>
    <ClCompile Include="AddinMsgWnd.cpp">
      <Filter>Source Files</Filter>
    </ClCompile>
    <ClCompile Include="CApp.cpp">
      <Filter>Source Files</Filter>
    </ClCompile>
    <ClCompile Include="CCalcEngine.cpp">
      <Filter>Source Files</Filter>
    </ClCompile>
    <ClCompile Include="cdh_client.cpp">
      <Filter>Source Files</Filter>
    </ClCompile>
    <ClCompile Include="CDoc.cpp">
      <Filter>Source Files</Filter>
    </ClCompile>
    <ClCompile Include="CMatrixData.cpp">
      <Filter>Source Files</Filter>
    </ClCompile>
    <ClCompile Include="CondChangedFormula.cpp">
      <Filter>Source Files</Filter>
    </ClCompile>
    <ClCompile Include="CondFreqFormula.cpp">
      <Filter>Source Files</Filter>
    </ClCompile>
    <ClCompile Include="ConfigDlg.cpp">
      <Filter>Source Files</Filter>
    </ClCompile>
    <ClCompile Include="CStrHash.cpp">
      <Filter>Source Files</Filter>
    </ClCompile>
    <ClCompile Include="CUiMgr.cpp">
      <Filter>Source Files</Filter>
    </ClCompile>
    <ClCompile Include="dllmain.cpp">
      <Filter>Source Files</Filter>
    </ClCompile>
    <ClCompile Include="Helios.cpp">
      <Filter>Source Files</Filter>
    </ClCompile>
    <ClCompile Include="helios_api.cpp">
      <Filter>Source Files</Filter>
    </ClCompile>
    <ClCompile Include="LoginDlg.cpp">
      <Filter>Source Files</Filter>
    </ClCompile>
    <ClCompile Include="SafeArray.cpp">
      <Filter>Source Files</Filter>
    </ClCompile>
    <ClCompile Include="ScContribFormula.cpp">
      <Filter>Source Files</Filter>
    </ClCompile>
    <ClCompile Include="stdafx.cpp">
      <Filter>Source Files</Filter>
    </ClCompile>
    <ClCompile Include="SumsAddin.cpp">
      <Filter>Source Files</Filter>
    </ClCompile>
    <ClCompile Include="xdlldata.c">
      <Filter>Source Files</Filter>
    </ClCompile>
    <ClCompile Include="Helios_i.c">
      <Filter>Source Files</Filter>
    </ClCompile>
  </ItemGroup>
  <ItemGroup>
    <ClInclude Include="AddinMsgWnd.h">
      <Filter>Header Files</Filter>
    </ClInclude>
    <ClInclude Include="CApp.h">
      <Filter>Header Files</Filter>
    </ClInclude>
    <ClInclude Include="CCalcEngine.h">
      <Filter>Header Files</Filter>
    </ClInclude>
    <ClInclude Include="cdh_client.h">
      <Filter>Header Files</Filter>
    </ClInclude>
    <ClInclude Include="CDoc.h">
      <Filter>Header Files</Filter>
    </ClInclude>
    <ClInclude Include="CMatrixData.h">
      <Filter>Header Files</Filter>
    </ClInclude>
    <ClInclude Include="CondChangedFormula.h">
      <Filter>Header Files</Filter>
    </ClInclude>
    <ClInclude Include="CondFreqFormula.h">
      <Filter>Header Files</Filter>
    </ClInclude>
    <ClInclude Include="ConditionFormula.h">
      <Filter>Header Files</Filter>
    </ClInclude>
    <ClInclude Include="ConfigDlg.h">
      <Filter>Header Files</Filter>
    </ClInclude>
    <ClInclude Include="ConnHelper.h">
      <Filter>Header Files</Filter>
    </ClInclude>
    <ClInclude Include="CStrHash.h">
      <Filter>Header Files</Filter>
    </ClInclude>
    <ClInclude Include="CUiMgr.h">
      <Filter>Header Files</Filter>
    </ClInclude>
    <ClInclude Include="dllmain.h">
      <Filter>Header Files</Filter>
    </ClInclude>
    <ClInclude Include="helios_itf.h">
      <Filter>Header Files</Filter>
    </ClInclude>
    <ClInclude Include="LoginDlg.h">
      <Filter>Header Files</Filter>
    </ClInclude>
    <ClInclude Include="SafeArray.h">
      <Filter>Header Files</Filter>
    </ClInclude>
    <ClInclude Include="ScContribFormula.h">
      <Filter>Header Files</Filter>
    </ClInclude>
    <ClInclude Include="stdafx.h">
      <Filter>Header Files</Filter>
    </ClInclude>
    <ClInclude Include="SumsAddin.h">
      <Filter>Header Files</Filter>
    </ClInclude>
    <ClInclude Include="targetver.h">
      <Filter>Header Files</Filter>
    </ClInclude>
    <ClInclude Include="xdlldata.h">
      <Filter>Header Files</Filter>
    </ClInclude>
    <ClInclude Include="Helios_i.h">
      <Filter>Header Files</Filter>
    </ClInclude>
    <ClInclude Include="Resource.h">
      <Filter>Header Files</Filter>
    </ClInclude>
  </ItemGroup>
  <ItemGroup>
    <Image Include="config.bmp">
      <Filter>Resource Files</Filter>
    </Image>
    <Image Include="icon_main.ico">
      <Filter>Resource Files</Filter>
    </Image>
    <Image Include="login.bmp">
      <Filter>Resource Files</Filter>
    </Image>
    <Image Include="logout.bmp">
      <Filter>Resource Files</Filter>
    </Image>
    <Image Include="man_send.bmp">
      <Filter>Resource Files</Filter>
    </Image>
  </ItemGroup>
  <ItemGroup>
    <None Include="Helios.def">
      <Filter>Source Files</Filter>
    </None>
    <None Include="Helios.rgs">
      <Filter>Resource Files</Filter>
    </None>
    <None Include="SumsAddin.rgs">
      <Filter>Resource Files</Filter>
    </None>
  </ItemGroup>
  <ItemGroup>
    <Text Include="ReadMe.txt" />
  </ItemGroup>
  <ItemGroup>
    <Filter Include="Header Files">
      <UniqueIdentifier>{b90dbecd-10fa-451f-a93a-3adc4cb077b9}</UniqueIdentifier>
    </Filter>
    <Filter Include="Source Files">
      <UniqueIdentifier>{22e81d9f-bbfb-460b-b3bf-ac490aeab610}</UniqueIdentifier>
    </Filter>
    <Filter Include="Resource Files">
      <UniqueIdentifier>{e5647989-f612-4c32-a386-244e3c3996c0}</UniqueIdentifier>
    </Filter>
  </ItemGroup>
  <ItemGroup>
    <Midl Include="Helios.idl">
      <Filter>Source Files</Filter>
    </Midl>
  </ItemGroup>
  <ItemGroup>
    <ResourceCompile Include="Helios.rc">
      <Filter>Resource Files</Filter>
    </ResourceCompile>
  </ItemGroup>
  <ItemGroup>
    <Xml Include="ribbon.xml">
      <Filter>Resource Files</Filter>
    </Xml>
  </ItemGroup>
</Project>